# This file is automatically @generated by Cargo.
# It is not intended for manual editing.
version = 3

[[package]]
name = "log"
version = "0.4.20"
source = "registry+https://github.com/rust-lang/crates.io-index"
checksum = "b5e6163cb8c49088c2c36f57875e58ccd8c87c7427f7fbd50ea6710b2f3f2e8f"

[[package]]
name = "mytest"
version = "0.1.0"
dependencies = [
 "sqlparser",
]

[[package]]
name = "sqlparser"
version = "0.39.0"
source = "registry+https://github.com/rust-lang/crates.io-index"
checksum = "743b4dc2cbde11890ccb254a8fc9d537fa41b36da00de2a1c5e9848c9bc42bd7"
dependencies = [
 "log",
]
